
Microsoft Visual Studio Solution File, Format Version 12.00
# Visual Studio Version 16
VisualStudioVersion = 16.0.30804.86
MinimumVisualStudioVersion = 10.0.40219.1
Project("{FAE04EC0-301F-11D3-BF4B-00C04F79EFBC}") = "ApplicationInsights.NetCore", "ApplicationInsights.NetCore\ApplicationInsights.NetCore.csproj", "{3D6C413A-6695-4DA2-84BF-363C76599139}"
EndProject
Global
	GlobalSection(SolutionConfigurationPlatforms) = preSolution
		Debug|Any CPU = Debug|Any CPU
		Release|Any CPU = Release|Any CPU
	EndGlobalSection
	GlobalSection(ProjectConfigurationPlatforms) = postSolution
		{3D6C413A-6695-4DA2-84BF-363C76599139}.Debug|Any CPU.ActiveCfg = Debug|Any CPU
		{3D6C413A-6695-4DA2-84BF-363C76599139}.Debug|Any CPU.Build.0 = Debug|Any CPU
		{3D6C413A-6695-4DA2-84BF-363C76599139}.Release|Any CPU.ActiveCfg = Release|Any CPU
		{3D6C413A-6695-4DA2-84BF-363C76599139}.Release|Any CPU.Build.0 = Release|Any CPU
	EndGlobalSection
	GlobalSection(SolutionProperties) = preSolution
		HideSolutionNode = FALSE
	EndGlobalSection
	GlobalSection(ExtensibilityGlobals) = postSolution
		SolutionGuid = {83FC63FE-B7F7-407F-A756-AA4ACBB9415B}
	EndGlobalSection
EndGlobal
